
Microsoft Visual Studio Solution File, Format Version 12.00
# Visual Studio Version 17
VisualStudioVersion = 17.5.002.0
MinimumVisualStudioVersion = 10.0.40219.1
Project("{9A19103F-16F7-4668-BE54-9A1E7A4F7556}") = "ApiDesafio", "ApiDesafio\ApiDesafio.csproj", "{1D60A789-E9FB-47DC-8F8F-9983C2BE781A}"
EndProject
Global
	GlobalSection(SolutionConfigurationPlatforms) = preSolution
		Debug|Any CPU = Debug|Any CPU
		Release|Any CPU = Release|Any CPU
	EndGlobalSection
	GlobalSection(ProjectConfigurationPlatforms) = postSolution
		{1D60A789-E9FB-47DC-8F8F-9983C2BE781A}.Debug|Any CPU.ActiveCfg = Debug|Any CPU
		{1D60A789-E9FB-47DC-8F8F-9983C2BE781A}.Debug|Any CPU.Build.0 = Debug|Any CPU
		{1D60A789-E9FB-47DC-8F8F-9983C2BE781A}.Release|Any CPU.ActiveCfg = Release|Any CPU
		{1D60A789-E9FB-47DC-8F8F-9983C2BE781A}.Release|Any CPU.Build.0 = Release|Any CPU
	EndGlobalSection
	GlobalSection(SolutionProperties) = preSolution
		HideSolutionNode = FALSE
	EndGlobalSection
	GlobalSection(ExtensibilityGlobals) = postSolution
		SolutionGuid = {854D37B6-AB90-49F6-A829-AF8B6E341EE5}
	EndGlobalSection
EndGlobal
